
Microsoft Visual Studio Solution File, Format Version 12.00
# Visual Studio Express 2013 for Web
VisualStudioVersion = 12.0.40629.0
MinimumVisualStudioVersion = 10.0.40219.1
Project("{FAE04EC0-301F-11D3-BF4B-00C04F79EFBC}") = "ElectronicsShop", "ElectronicsShop\ElectronicsShop.csproj", "{AB1E3E82-6B9C-4C06-9263-59F3767419AF}"
EndProject
Project("{FAE04EC0-301F-11D3-BF4B-00C04F79EFBC}") = "DAL", "..\..\..\Visual Studio 2012\Projects\DTO\DTO\DAL.csproj", "{27B59433-5EFA-48FF-AC26-54669A5BC8C9}"
EndProject
Global
	GlobalSection(SolutionConfigurationPlatforms) = preSolution
		Debug|Any CPU = Debug|Any CPU
		Release|Any CPU = Release|Any CPU
	EndGlobalSection
	GlobalSection(ProjectConfigurationPlatforms) = postSolution
		{AB1E3E82-6B9C-4C06-9263-59F3767419AF}.Debug|Any CPU.ActiveCfg = Debug|Any CPU
		{AB1E3E82-6B9C-4C06-9263-59F3767419AF}.Debug|Any CPU.Build.0 = Debug|Any CPU
		{AB1E3E82-6B9C-4C06-9263-59F3767419AF}.Release|Any CPU.ActiveCfg = Release|Any CPU
		{AB1E3E82-6B9C-4C06-9263-59F3767419AF}.Release|Any CPU.Build.0 = Release|Any CPU
		{27B59433-5EFA-48FF-AC26-54669A5BC8C9}.Debug|Any CPU.ActiveCfg = Debug|Any CPU
		{27B59433-5EFA-48FF-AC26-54669A5BC8C9}.Debug|Any CPU.Build.0 = Debug|Any CPU
		{27B59433-5EFA-48FF-AC26-54669A5BC8C9}.Release|Any CPU.ActiveCfg = Release|Any CPU
		{27B59433-5EFA-48FF-AC26-54669A5BC8C9}.Release|Any CPU.Build.0 = Release|Any CPU
	EndGlobalSection
	GlobalSection(SolutionProperties) = preSolution
		HideSolutionNode = FALSE
	EndGlobalSection
EndGlobal
