
Microsoft Visual Studio Solution File, Format Version 12.00
# Visual Studio 2013
VisualStudioVersion = 12.0.21005.1
MinimumVisualStudioVersion = 10.0.40219.1
Project("{FAE04EC0-301F-11D3-BF4B-00C04F79EFBC}") = "Shop_Console", "Shop_Console\Shop_Console.csproj", "{53CEF38E-C095-45B0-A4FC-4667A51206D0}"
EndProject
Project("{2150E333-8FDC-42A3-9474-1A3956D46DE8}") = "DAL", "DAL", "{542A1E21-E5CD-494D-9D48-93EDD078E17E}"
EndProject
Project("{FAE04EC0-301F-11D3-BF4B-00C04F79EFBC}") = "Shop_DB_Model", "Shop_DB_Model\Shop_DB_Model.csproj", "{951763ED-8BB2-4CBB-B5D5-AB5583DEA1EE}"
EndProject
Project("{FAE04EC0-301F-11D3-BF4B-00C04F79EFBC}") = "UsersDAL", "UsersDAL\UsersDAL.csproj", "{07BAB219-6350-4330-92E0-49D7E9EB19E5}"
EndProject
Project("{FAE04EC0-301F-11D3-BF4B-00C04F79EFBC}") = "CartsDAL", "CartsDAL\CartsDAL.csproj", "{E24E4111-385F-4990-9277-D27501CB434D}"
EndProject
Project("{FAE04EC0-301F-11D3-BF4B-00C04F79EFBC}") = "ItemsDAL", "ItemsDAL\ItemsDAL.csproj", "{0DEC6B6A-60F0-4EF7-A22C-27344EF06EF8}"
EndProject
Project("{FAE04EC0-301F-11D3-BF4B-00C04F79EFBC}") = "OrdersDAL", "OrdersDAL\OrdersDAL.csproj", "{ECDD2FEF-4C02-4245-9E43-B2CE02A459BB}"
EndProject
Project("{FAE04EC0-301F-11D3-BF4B-00C04F79EFBC}") = "Carts_ItemsDAL", "Carts_ItemsDAL\Carts_ItemsDAL.csproj", "{98A652C3-9D32-4503-AF58-238DE0F83DD9}"
EndProject
Project("{FAE04EC0-301F-11D3-BF4B-00C04F79EFBC}") = "Orders_ItemsDAL", "Orders_ItemsDAL\Orders_ItemsDAL.csproj", "{56DD1C5A-B0FF-412C-B17D-54BBE874411A}"
EndProject
Project("{2150E333-8FDC-42A3-9474-1A3956D46DE8}") = "BL", "BL", "{98EBFFD3-8755-4DB1-AC5C-201BE10C6D6B}"
EndProject
Project("{FAE04EC0-301F-11D3-BF4B-00C04F79EFBC}") = "ShopBL", "ShopBL\ShopBL.csproj", "{BF3E0B7B-20C9-4B0C-9F2C-2A86AF91B54C}"
EndProject
Global
	GlobalSection(SolutionConfigurationPlatforms) = preSolution
		Debug|Any CPU = Debug|Any CPU
		Release|Any CPU = Release|Any CPU
	EndGlobalSection
	GlobalSection(ProjectConfigurationPlatforms) = postSolution
		{53CEF38E-C095-45B0-A4FC-4667A51206D0}.Debug|Any CPU.ActiveCfg = Debug|Any CPU
		{53CEF38E-C095-45B0-A4FC-4667A51206D0}.Debug|Any CPU.Build.0 = Debug|Any CPU
		{53CEF38E-C095-45B0-A4FC-4667A51206D0}.Release|Any CPU.ActiveCfg = Release|Any CPU
		{53CEF38E-C095-45B0-A4FC-4667A51206D0}.Release|Any CPU.Build.0 = Release|Any CPU
		{951763ED-8BB2-4CBB-B5D5-AB5583DEA1EE}.Debug|Any CPU.ActiveCfg = Debug|Any CPU
		{951763ED-8BB2-4CBB-B5D5-AB5583DEA1EE}.Debug|Any CPU.Build.0 = Debug|Any CPU
		{951763ED-8BB2-4CBB-B5D5-AB5583DEA1EE}.Release|Any CPU.ActiveCfg = Release|Any CPU
		{951763ED-8BB2-4CBB-B5D5-AB5583DEA1EE}.Release|Any CPU.Build.0 = Release|Any CPU
		{07BAB219-6350-4330-92E0-49D7E9EB19E5}.Debug|Any CPU.ActiveCfg = Debug|Any CPU
		{07BAB219-6350-4330-92E0-49D7E9EB19E5}.Debug|Any CPU.Build.0 = Debug|Any CPU
		{07BAB219-6350-4330-92E0-49D7E9EB19E5}.Release|Any CPU.ActiveCfg = Release|Any CPU
		{07BAB219-6350-4330-92E0-49D7E9EB19E5}.Release|Any CPU.Build.0 = Release|Any CPU
		{E24E4111-385F-4990-9277-D27501CB434D}.Debug|Any CPU.ActiveCfg = Debug|Any CPU
		{E24E4111-385F-4990-9277-D27501CB434D}.Debug|Any CPU.Build.0 = Debug|Any CPU
		{E24E4111-385F-4990-9277-D27501CB434D}.Release|Any CPU.ActiveCfg = Release|Any CPU
		{E24E4111-385F-4990-9277-D27501CB434D}.Release|Any CPU.Build.0 = Release|Any CPU
		{0DEC6B6A-60F0-4EF7-A22C-27344EF06EF8}.Debug|Any CPU.ActiveCfg = Debug|Any CPU
		{0DEC6B6A-60F0-4EF7-A22C-27344EF06EF8}.Debug|Any CPU.Build.0 = Debug|Any CPU
		{0DEC6B6A-60F0-4EF7-A22C-27344EF06EF8}.Release|Any CPU.ActiveCfg = Release|Any CPU
		{0DEC6B6A-60F0-4EF7-A22C-27344EF06EF8}.Release|Any CPU.Build.0 = Release|Any CPU
		{ECDD2FEF-4C02-4245-9E43-B2CE02A459BB}.Debug|Any CPU.ActiveCfg = Debug|Any CPU
		{ECDD2FEF-4C02-4245-9E43-B2CE02A459BB}.Debug|Any CPU.Build.0 = Debug|Any CPU
		{ECDD2FEF-4C02-4245-9E43-B2CE02A459BB}.Release|Any CPU.ActiveCfg = Release|Any CPU
		{ECDD2FEF-4C02-4245-9E43-B2CE02A459BB}.Release|Any CPU.Build.0 = Release|Any CPU
		{98A652C3-9D32-4503-AF58-238DE0F83DD9}.Debug|Any CPU.ActiveCfg = Debug|Any CPU
		{98A652C3-9D32-4503-AF58-238DE0F83DD9}.Debug|Any CPU.Build.0 = Debug|Any CPU
		{98A652C3-9D32-4503-AF58-238DE0F83DD9}.Release|Any CPU.ActiveCfg = Release|Any CPU
		{98A652C3-9D32-4503-AF58-238DE0F83DD9}.Release|Any CPU.Build.0 = Release|Any CPU
		{56DD1C5A-B0FF-412C-B17D-54BBE874411A}.Debug|Any CPU.ActiveCfg = Debug|Any CPU
		{56DD1C5A-B0FF-412C-B17D-54BBE874411A}.Debug|Any CPU.Build.0 = Debug|Any CPU
		{56DD1C5A-B0FF-412C-B17D-54BBE874411A}.Release|Any CPU.ActiveCfg = Release|Any CPU
		{56DD1C5A-B0FF-412C-B17D-54BBE874411A}.Release|Any CPU.Build.0 = Release|Any CPU
		{BF3E0B7B-20C9-4B0C-9F2C-2A86AF91B54C}.Debug|Any CPU.ActiveCfg = Debug|Any CPU
		{BF3E0B7B-20C9-4B0C-9F2C-2A86AF91B54C}.Debug|Any CPU.Build.0 = Debug|Any CPU
		{BF3E0B7B-20C9-4B0C-9F2C-2A86AF91B54C}.Release|Any CPU.ActiveCfg = Release|Any CPU
		{BF3E0B7B-20C9-4B0C-9F2C-2A86AF91B54C}.Release|Any CPU.Build.0 = Release|Any CPU
	EndGlobalSection
	GlobalSection(SolutionProperties) = preSolution
		HideSolutionNode = FALSE
	EndGlobalSection
	GlobalSection(NestedProjects) = preSolution
		{951763ED-8BB2-4CBB-B5D5-AB5583DEA1EE} = {542A1E21-E5CD-494D-9D48-93EDD078E17E}
		{07BAB219-6350-4330-92E0-49D7E9EB19E5} = {542A1E21-E5CD-494D-9D48-93EDD078E17E}
		{E24E4111-385F-4990-9277-D27501CB434D} = {542A1E21-E5CD-494D-9D48-93EDD078E17E}
		{0DEC6B6A-60F0-4EF7-A22C-27344EF06EF8} = {542A1E21-E5CD-494D-9D48-93EDD078E17E}
		{ECDD2FEF-4C02-4245-9E43-B2CE02A459BB} = {542A1E21-E5CD-494D-9D48-93EDD078E17E}
		{98A652C3-9D32-4503-AF58-238DE0F83DD9} = {542A1E21-E5CD-494D-9D48-93EDD078E17E}
		{56DD1C5A-B0FF-412C-B17D-54BBE874411A} = {542A1E21-E5CD-494D-9D48-93EDD078E17E}
		{BF3E0B7B-20C9-4B0C-9F2C-2A86AF91B54C} = {98EBFFD3-8755-4DB1-AC5C-201BE10C6D6B}
	EndGlobalSection
EndGlobal
